
Microsoft Visual Studio Solution File, Format Version 12.00
# Visual Studio Version 16
VisualStudioVersion = 16.0.29806.167
MinimumVisualStudioVersion = 10.0.40219.1
Project("{FAE04EC0-301F-11D3-BF4B-00C04F79EFBC}") = "TMS", "TMS\TMS.csproj", "{381DBEDB-896C-4E91-B4DE-09BE4BBD714E}"
EndProject
Project("{FAE04EC0-301F-11D3-BF4B-00C04F79EFBC}") = "TMSTesting", "TMSTesting\TMSTesting.csproj", "{36C75413-963C-4231-85FF-B3E700108B8F}"
EndProject
Global
	GlobalSection(SolutionConfigurationPlatforms) = preSolution
		Debug|Any CPU = Debug|Any CPU
		Release|Any CPU = Release|Any CPU
	EndGlobalSection
	GlobalSection(ProjectConfigurationPlatforms) = postSolution
		{381DBEDB-896C-4E91-B4DE-09BE4BBD714E}.Debug|Any CPU.ActiveCfg = Debug|Any CPU
		{381DBEDB-896C-4E91-B4DE-09BE4BBD714E}.Debug|Any CPU.Build.0 = Debug|Any CPU
		{381DBEDB-896C-4E91-B4DE-09BE4BBD714E}.Release|Any CPU.ActiveCfg = Release|Any CPU
		{381DBEDB-896C-4E91-B4DE-09BE4BBD714E}.Release|Any CPU.Build.0 = Release|Any CPU
		{36C75413-963C-4231-85FF-B3E700108B8F}.Debug|Any CPU.ActiveCfg = Debug|Any CPU
		{36C75413-963C-4231-85FF-B3E700108B8F}.Debug|Any CPU.Build.0 = Debug|Any CPU
		{36C75413-963C-4231-85FF-B3E700108B8F}.Release|Any CPU.ActiveCfg = Release|Any CPU
		{36C75413-963C-4231-85FF-B3E700108B8F}.Release|Any CPU.Build.0 = Release|Any CPU
	EndGlobalSection
	GlobalSection(SolutionProperties) = preSolution
		HideSolutionNode = FALSE
	EndGlobalSection
	GlobalSection(ExtensibilityGlobals) = postSolution
		SolutionGuid = {76EF201C-D714-43EE-9063-EF354559783D}
	EndGlobalSection
EndGlobal
